
Microsoft Visual Studio Solution File, Format Version 12.00
# Visual Studio Version 17
VisualStudioVersion = 17.5.33530.505
MinimumVisualStudioVersion = 10.0.40219.1
Project("{FAE04EC0-301F-11D3-BF4B-00C04F79EFBC}") = "E01Varijable", "E01Varijable\E01Varijable.csproj", "{3EDB017C-912D-4977-9619-8CCCC0FBB490}"
EndProject
Project("{FAE04EC0-301F-11D3-BF4B-00C04F79EFBC}") = "E02Ulazizlaz", "..\E02Ulazizlaz\E02Ulazizlaz\E02Ulazizlaz.csproj", "{B45BED45-346B-4751-85F0-D88F4C0DB5D0}"
EndProject
Project("{FAE04EC0-301F-11D3-BF4B-00C04F79EFBC}") = "E03Konverzija", "..\E03Konverzija\E03Konverzija\E03Konverzija.csproj", "{30438EEC-F296-417E-8579-FCB65E695679}"
EndProject
Project("{FAE04EC0-301F-11D3-BF4B-00C04F79EFBC}") = "E04Operatori", "..\E04Operatori\E04Operatori\E04Operatori.csproj", "{A98FBFFF-3A6A-4ABB-BB89-406839E3FF6A}"
EndProject
Global
	GlobalSection(SolutionConfigurationPlatforms) = preSolution
		Debug|Any CPU = Debug|Any CPU
		Release|Any CPU = Release|Any CPU
	EndGlobalSection
	GlobalSection(ProjectConfigurationPlatforms) = postSolution
		{3EDB017C-912D-4977-9619-8CCCC0FBB490}.Debug|Any CPU.ActiveCfg = Debug|Any CPU
		{3EDB017C-912D-4977-9619-8CCCC0FBB490}.Debug|Any CPU.Build.0 = Debug|Any CPU
		{3EDB017C-912D-4977-9619-8CCCC0FBB490}.Release|Any CPU.ActiveCfg = Release|Any CPU
		{3EDB017C-912D-4977-9619-8CCCC0FBB490}.Release|Any CPU.Build.0 = Release|Any CPU
		{B45BED45-346B-4751-85F0-D88F4C0DB5D0}.Debug|Any CPU.ActiveCfg = Debug|Any CPU
		{B45BED45-346B-4751-85F0-D88F4C0DB5D0}.Debug|Any CPU.Build.0 = Debug|Any CPU
		{B45BED45-346B-4751-85F0-D88F4C0DB5D0}.Release|Any CPU.ActiveCfg = Release|Any CPU
		{B45BED45-346B-4751-85F0-D88F4C0DB5D0}.Release|Any CPU.Build.0 = Release|Any CPU
		{30438EEC-F296-417E-8579-FCB65E695679}.Debug|Any CPU.ActiveCfg = Debug|Any CPU
		{30438EEC-F296-417E-8579-FCB65E695679}.Debug|Any CPU.Build.0 = Debug|Any CPU
		{30438EEC-F296-417E-8579-FCB65E695679}.Release|Any CPU.ActiveCfg = Release|Any CPU
		{30438EEC-F296-417E-8579-FCB65E695679}.Release|Any CPU.Build.0 = Release|Any CPU
		{A98FBFFF-3A6A-4ABB-BB89-406839E3FF6A}.Debug|Any CPU.ActiveCfg = Debug|Any CPU
		{A98FBFFF-3A6A-4ABB-BB89-406839E3FF6A}.Debug|Any CPU.Build.0 = Debug|Any CPU
		{A98FBFFF-3A6A-4ABB-BB89-406839E3FF6A}.Release|Any CPU.ActiveCfg = Release|Any CPU
		{A98FBFFF-3A6A-4ABB-BB89-406839E3FF6A}.Release|Any CPU.Build.0 = Release|Any CPU
	EndGlobalSection
	GlobalSection(SolutionProperties) = preSolution
		HideSolutionNode = FALSE
	EndGlobalSection
	GlobalSection(ExtensibilityGlobals) = postSolution
		SolutionGuid = {C083CAA5-12C5-4B6A-B65D-B9D3D3E07F19}
	EndGlobalSection
EndGlobal
